
Microsoft Visual Studio Solution File, Format Version 12.00
Project("{FAE04EC0-301F-11D3-BF4B-00C04F79EFBC}") = "DevloomPreliminar", "DevloomPreliminar\DevloomPreliminar.csproj", "{B2CA7FE6-C095-439E-BA50-893F6B9C78B8}"
EndProject
Project("{FAE04EC0-301F-11D3-BF4B-00C04F79EFBC}") = "DevloomPreliminar.UnitTest", "DevloomPreliminar.UnitTest\DevloomPreliminar.UnitTest.csproj", "{A5485578-8C7B-4C7A-9901-2F751A814937}"
EndProject
Global
	GlobalSection(SolutionConfigurationPlatforms) = preSolution
		Debug|Any CPU = Debug|Any CPU
		Release|Any CPU = Release|Any CPU
	EndGlobalSection
	GlobalSection(ProjectConfigurationPlatforms) = postSolution
		{B2CA7FE6-C095-439E-BA50-893F6B9C78B8}.Debug|Any CPU.ActiveCfg = Debug|Any CPU
		{B2CA7FE6-C095-439E-BA50-893F6B9C78B8}.Debug|Any CPU.Build.0 = Debug|Any CPU
		{B2CA7FE6-C095-439E-BA50-893F6B9C78B8}.Release|Any CPU.ActiveCfg = Release|Any CPU
		{B2CA7FE6-C095-439E-BA50-893F6B9C78B8}.Release|Any CPU.Build.0 = Release|Any CPU
		{A5485578-8C7B-4C7A-9901-2F751A814937}.Debug|Any CPU.ActiveCfg = Debug|Any CPU
		{A5485578-8C7B-4C7A-9901-2F751A814937}.Debug|Any CPU.Build.0 = Debug|Any CPU
		{A5485578-8C7B-4C7A-9901-2F751A814937}.Release|Any CPU.ActiveCfg = Release|Any CPU
		{A5485578-8C7B-4C7A-9901-2F751A814937}.Release|Any CPU.Build.0 = Release|Any CPU
	EndGlobalSection
EndGlobal
